
Microsoft Visual Studio Solution File, Format Version 12.00
# Visual Studio 15
Project("{FAE04EC0-301F-11D3-BF4B-00C04F79EFBC}") = "Unity.Timeline", "Unity.Timeline.csproj", "{E4CF9126-F882-F895-07CA-77B61B81C33A}"
EndProject
Project("{FAE04EC0-301F-11D3-BF4B-00C04F79EFBC}") = "Unity.InputSystem", "Unity.InputSystem.csproj", "{59E10F0F-4102-73DE-567C-E295E5864FB2}"
EndProject
Project("{FAE04EC0-301F-11D3-BF4B-00C04F79EFBC}") = "Unity.VisualScripting.Flow", "Unity.VisualScripting.Flow.csproj", "{25ADC59A-A856-3892-0416-C0F42DB7652C}"
EndProject
Project("{FAE04EC0-301F-11D3-BF4B-00C04F79EFBC}") = "Unity.ProBuilder", "Unity.ProBuilder.csproj", "{121A0D4D-40A7-2FA1-EF88-5A757D73A873}"
EndProject
Project("{FAE04EC0-301F-11D3-BF4B-00C04F79EFBC}") = "Unity.Timeline.Editor", "Unity.Timeline.Editor.csproj", "{88919759-26CB-03DA-9F40-C4B5F4DE86DE}"
EndProject
Project("{FAE04EC0-301F-11D3-BF4B-00C04F79EFBC}") = "Unity.PlasticSCM.Editor", "Unity.PlasticSCM.Editor.csproj", "{B8DA01D3-3F28-1B22-9126-E6BCE29F3114}"
EndProject
Project("{FAE04EC0-301F-11D3-BF4B-00C04F79EFBC}") = "Unity.Mathematics", "Unity.Mathematics.csproj", "{23078130-FECC-8CC6-69F2-308EDDC87718}"
EndProject
Project("{FAE04EC0-301F-11D3-BF4B-00C04F79EFBC}") = "Unity.ProBuilder.Editor", "Unity.ProBuilder.Editor.csproj", "{74A70EF4-626E-BA2F-4DC4-E730B1DAAEC0}"
EndProject
Project("{FAE04EC0-301F-11D3-BF4B-00C04F79EFBC}") = "Unity.VisualScripting.Core.Editor", "Unity.VisualScripting.Core.Editor.csproj", "{6F48AB66-02C1-D2AB-7EC6-1C95439F8CF8}"
EndProject
Project("{FAE04EC0-301F-11D3-BF4B-00C04F79EFBC}") = "UnityEditor.TestRunner", "UnityEditor.TestRunner.csproj", "{6A380271-6D2A-0B46-EF11-5E0F1A52E1CE}"
EndProject
Project("{FAE04EC0-301F-11D3-BF4B-00C04F79EFBC}") = "Unity.ProBuilder.Poly2Tri", "Unity.ProBuilder.Poly2Tri.csproj", "{F7461988-D962-A84B-E605-43220DA2846B}"
EndProject
Project("{FAE04EC0-301F-11D3-BF4B-00C04F79EFBC}") = "Unity.TextMeshPro.Editor", "Unity.TextMeshPro.Editor.csproj", "{ECB5DB1D-D523-DEB5-70ED-3E3DEF5964BE}"
EndProject
Project("{FAE04EC0-301F-11D3-BF4B-00C04F79EFBC}") = "Unity.Recorder.Editor", "Unity.Recorder.Editor.csproj", "{769FA4CE-1930-EBB3-1C66-AB725BAC6494}"
EndProject
Project("{FAE04EC0-301F-11D3-BF4B-00C04F79EFBC}") = "UnityEngine.TestRunner", "UnityEngine.TestRunner.csproj", "{A267F213-0C3F-C900-13EF-2A94A02EC42B}"
EndProject
Project("{FAE04EC0-301F-11D3-BF4B-00C04F79EFBC}") = "Unity.VisualScripting.Core", "Unity.VisualScripting.Core.csproj", "{427F73D7-F4CF-A11E-5A6B-0C88B6943E74}"
EndProject
Project("{FAE04EC0-301F-11D3-BF4B-00C04F79EFBC}") = "Unity.VisualScripting.Flow.Editor", "Unity.VisualScripting.Flow.Editor.csproj", "{5371EA71-62DE-8B88-EBD6-40A9DB92D996}"
EndProject
Project("{FAE04EC0-301F-11D3-BF4B-00C04F79EFBC}") = "Unity.Searcher.Editor", "Unity.Searcher.Editor.csproj", "{B6F9E181-BB31-A4B8-4412-A7ED3E3CEE7D}"
EndProject
Project("{FAE04EC0-301F-11D3-BF4B-00C04F79EFBC}") = "Unity.Burst", "Unity.Burst.csproj", "{E84DB301-DE68-BCB8-0FF8-4AD32BF99C29}"
EndProject
Project("{FAE04EC0-301F-11D3-BF4B-00C04F79EFBC}") = "Unity.ProBuilder.Csg", "Unity.ProBuilder.Csg.csproj", "{69EBA945-CF92-C78A-8FE2-142AE46C56BE}"
EndProject
Project("{FAE04EC0-301F-11D3-BF4B-00C04F79EFBC}") = "Unity.AI.Navigation.Editor", "Unity.AI.Navigation.Editor.csproj", "{15CDE9A1-6BED-3130-AEA1-B1D8FCB1C945}"
EndProject
Project("{FAE04EC0-301F-11D3-BF4B-00C04F79EFBC}") = "Unity.VisualStudio.Editor", "Unity.VisualStudio.Editor.csproj", "{DD767795-B8BF-E06A-464B-DFFD9B60ED7E}"
EndProject
Project("{FAE04EC0-301F-11D3-BF4B-00C04F79EFBC}") = "Unity.TestTools.CodeCoverage.Editor.OpenCover.Model", "Unity.TestTools.CodeCoverage.Editor.OpenCover.Model.csproj", "{EC8F8F17-C757-3AFF-608D-0CDFCD264964}"
EndProject
Project("{FAE04EC0-301F-11D3-BF4B-00C04F79EFBC}") = "Unity.Rider.Editor", "Unity.Rider.Editor.csproj", "{7CD175B7-6F69-FBF9-F39C-3F86B842F190}"
EndProject
Project("{FAE04EC0-301F-11D3-BF4B-00C04F79EFBC}") = "Unity.AI.Navigation.Editor.ConversionSystem", "Unity.AI.Navigation.Editor.ConversionSystem.csproj", "{1955B15A-2BAE-A876-755D-80F87406C883}"
EndProject
Project("{FAE04EC0-301F-11D3-BF4B-00C04F79EFBC}") = "Unity.VisualScripting.State.Editor", "Unity.VisualScripting.State.Editor.csproj", "{5BB3A61B-6BE1-60BA-FB77-C1C1B774AF03}"
EndProject
Project("{FAE04EC0-301F-11D3-BF4B-00C04F79EFBC}") = "Unity.TestTools.CodeCoverage.Editor", "Unity.TestTools.CodeCoverage.Editor.csproj", "{92971E8D-26D2-AC96-86E2-638719C07F48}"
EndProject
Project("{FAE04EC0-301F-11D3-BF4B-00C04F79EFBC}") = "Unity.Burst.CodeGen", "Unity.Burst.CodeGen.csproj", "{396171BB-F2C4-B58F-E940-EBBC16E6BDC1}"
EndProject
Project("{FAE04EC0-301F-11D3-BF4B-00C04F79EFBC}") = "Unity.Postprocessing.Runtime", "Unity.Postprocessing.Runtime.csproj", "{42488D91-53F1-D823-20C7-40B7A527D30C}"
EndProject
Project("{FAE04EC0-301F-11D3-BF4B-00C04F79EFBC}") = "Unity.Postprocessing.Editor", "Unity.Postprocessing.Editor.csproj", "{6EBF58AA-78A6-D2A1-E540-5C96B1C42441}"
EndProject
Project("{FAE04EC0-301F-11D3-BF4B-00C04F79EFBC}") = "Unity.AI.Navigation", "Unity.AI.Navigation.csproj", "{64F21FBE-F07B-7D00-8C6F-C44525EA1FE3}"
EndProject
Project("{FAE04EC0-301F-11D3-BF4B-00C04F79EFBC}") = "Unity.VisualScripting.State", "Unity.VisualScripting.State.csproj", "{73EBCE94-E49F-4411-7E63-339C79611DA3}"
EndProject
Project("{FAE04EC0-301F-11D3-BF4B-00C04F79EFBC}") = "Unity.TextMeshPro", "Unity.TextMeshPro.csproj", "{C4FBD423-C512-C0C2-1E55-4E1D5D4E7BD5}"
EndProject
Project("{FAE04EC0-301F-11D3-BF4B-00C04F79EFBC}") = "Unity.Performance.Profile-Analyzer.Editor", "Unity.Performance.Profile-Analyzer.Editor.csproj", "{352F489A-89B6-4CA9-AEC6-06453AB31930}"
EndProject
Project("{FAE04EC0-301F-11D3-BF4B-00C04F79EFBC}") = "Unity.VisualScripting.SettingsProvider.Editor", "Unity.VisualScripting.SettingsProvider.Editor.csproj", "{207A323E-FD5A-5B25-F0CF-7A1D62CDF45E}"
EndProject
Project("{FAE04EC0-301F-11D3-BF4B-00C04F79EFBC}") = "Unity.VSCode.Editor", "Unity.VSCode.Editor.csproj", "{332BA019-4BCF-3567-EDA2-F030CD289DF1}"
EndProject
Project("{FAE04EC0-301F-11D3-BF4B-00C04F79EFBC}") = "Unity.Burst.Editor", "Unity.Burst.Editor.csproj", "{29BF96C0-A02F-B169-2290-2E8A06267BE6}"
EndProject
Project("{FAE04EC0-301F-11D3-BF4B-00C04F79EFBC}") = "Unity.TestTools.CodeCoverage.Editor.OpenCover.Mono.Reflection", "Unity.TestTools.CodeCoverage.Editor.OpenCover.Mono.Reflection.csproj", "{2229DB62-2F19-601B-1CE0-5F2ED98F3586}"
EndProject
Project("{FAE04EC0-301F-11D3-BF4B-00C04F79EFBC}") = "Unity.AI.Navigation.Updater", "Unity.AI.Navigation.Updater.csproj", "{D54AF48C-B580-B7D9-1FE9-B22C4E7CC17A}"
EndProject
Project("{FAE04EC0-301F-11D3-BF4B-00C04F79EFBC}") = "Unity.ProBuilder.Stl", "Unity.ProBuilder.Stl.csproj", "{9A6DB33E-C681-3333-E3B1-88C70C174042}"
EndProject
Project("{FAE04EC0-301F-11D3-BF4B-00C04F79EFBC}") = "Unity.Settings.Editor", "Unity.Settings.Editor.csproj", "{4D35B480-D558-D490-BA89-D796CF6BF46F}"
EndProject
Project("{FAE04EC0-301F-11D3-BF4B-00C04F79EFBC}") = "Unity.Recorder", "Unity.Recorder.csproj", "{C4E8CECF-6E2E-C16D-BD76-2F8C888F0327}"
EndProject
Project("{FAE04EC0-301F-11D3-BF4B-00C04F79EFBC}") = "Unity.ProBuilder.KdTree", "Unity.ProBuilder.KdTree.csproj", "{6B305E86-DEE0-32C0-0F57-4BBACEB358EC}"
EndProject
Project("{FAE04EC0-301F-11D3-BF4B-00C04F79EFBC}") = "Unity.ProBuilder.AddOns.Editor", "Unity.ProBuilder.AddOns.Editor.csproj", "{3B43C4B4-96E2-D27C-7A56-3928C2A3BA47}"
EndProject
Project("{FAE04EC0-301F-11D3-BF4B-00C04F79EFBC}") = "Unity.InputSystem.ForUI", "Unity.InputSystem.ForUI.csproj", "{81EFF050-3D15-FF93-2556-D51F0C0DF568}"
EndProject
Project("{FAE04EC0-301F-11D3-BF4B-00C04F79EFBC}") = "Unity.Mathematics.Editor", "Unity.Mathematics.Editor.csproj", "{A00E626C-733F-560D-2EFD-E369F420E126}"
EndProject
Project("{FAE04EC0-301F-11D3-BF4B-00C04F79EFBC}") = "Unity.ProBuilder.AssetIdRemapUtility", "Unity.ProBuilder.AssetIdRemapUtility.csproj", "{6D71D2EB-197E-C23A-09F4-95557EFCBF1C}"
EndProject
Project("{FAE04EC0-301F-11D3-BF4B-00C04F79EFBC}") = "Unity.InputSystem.TestFramework", "Unity.InputSystem.TestFramework.csproj", "{139003B9-376A-B064-E936-60263DAA5EE9}"
EndProject
Project("{FAE04EC0-301F-11D3-BF4B-00C04F79EFBC}") = "Unity.VisualScripting.Shared.Editor", "Unity.VisualScripting.Shared.Editor.csproj", "{7595C2FB-B58D-4966-F9F7-90E0CC14E65E}"
EndProject
Project("{FAE04EC0-301F-11D3-BF4B-00C04F79EFBC}") = "Unity.Recorder.Base", "Unity.Recorder.Base.csproj", "{5BA2A80B-2703-2E7C-7DBD-4183086418EC}"
EndProject
Project("{FAE04EC0-301F-11D3-BF4B-00C04F79EFBC}") = "Unity.EditorCoroutines.Editor", "Unity.EditorCoroutines.Editor.csproj", "{2FCB39AD-917B-04DE-3443-3F3233DAF20E}"
EndProject
Project("{FAE04EC0-301F-11D3-BF4B-00C04F79EFBC}") = "Assembly-CSharp", "Assembly-CSharp.csproj", "{081D91F8-8FA7-1966-E875-BFBF15C8F2C6}"
EndProject
Project("{FAE04EC0-301F-11D3-BF4B-00C04F79EFBC}") = "Unity.CollabProxy.Editor", "Unity.CollabProxy.Editor.csproj", "{7E665DFD-D19A-D0F5-F76B-7651E9B9114C}"
EndProject
Global
	GlobalSection(SolutionConfigurationPlatforms) = preSolution
		Debug|Any CPU = Debug|Any CPU
		Release|Any CPU = Release|Any CPU
	EndGlobalSection
	GlobalSection(ProjectConfigurationPlatforms) = postSolution
		{E4CF9126-F882-F895-07CA-77B61B81C33A}.Debug|Any CPU.ActiveCfg = Debug|Any CPU
		{E4CF9126-F882-F895-07CA-77B61B81C33A}.Debug|Any CPU.Build.0 = Debug|Any CPU
		{E4CF9126-F882-F895-07CA-77B61B81C33A}.Release|Any CPU.ActiveCfg = Release|Any CPU
		{E4CF9126-F882-F895-07CA-77B61B81C33A}.Release|Any CPU.Build.0 = Release|Any CPU
		{59E10F0F-4102-73DE-567C-E295E5864FB2}.Debug|Any CPU.ActiveCfg = Debug|Any CPU
		{59E10F0F-4102-73DE-567C-E295E5864FB2}.Debug|Any CPU.Build.0 = Debug|Any CPU
		{59E10F0F-4102-73DE-567C-E295E5864FB2}.Release|Any CPU.ActiveCfg = Release|Any CPU
		{59E10F0F-4102-73DE-567C-E295E5864FB2}.Release|Any CPU.Build.0 = Release|Any CPU
		{25ADC59A-A856-3892-0416-C0F42DB7652C}.Debug|Any CPU.ActiveCfg = Debug|Any CPU
		{25ADC59A-A856-3892-0416-C0F42DB7652C}.Debug|Any CPU.Build.0 = Debug|Any CPU
		{25ADC59A-A856-3892-0416-C0F42DB7652C}.Release|Any CPU.ActiveCfg = Release|Any CPU
		{25ADC59A-A856-3892-0416-C0F42DB7652C}.Release|Any CPU.Build.0 = Release|Any CPU
		{121A0D4D-40A7-2FA1-EF88-5A757D73A873}.Debug|Any CPU.ActiveCfg = Debug|Any CPU
		{121A0D4D-40A7-2FA1-EF88-5A757D73A873}.Debug|Any CPU.Build.0 = Debug|Any CPU
		{121A0D4D-40A7-2FA1-EF88-5A757D73A873}.Release|Any CPU.ActiveCfg = Release|Any CPU
		{121A0D4D-40A7-2FA1-EF88-5A757D73A873}.Release|Any CPU.Build.0 = Release|Any CPU
		{88919759-26CB-03DA-9F40-C4B5F4DE86DE}.Debug|Any CPU.ActiveCfg = Debug|Any CPU
		{88919759-26CB-03DA-9F40-C4B5F4DE86DE}.Debug|Any CPU.Build.0 = Debug|Any CPU
		{88919759-26CB-03DA-9F40-C4B5F4DE86DE}.Release|Any CPU.ActiveCfg = Release|Any CPU
		{88919759-26CB-03DA-9F40-C4B5F4DE86DE}.Release|Any CPU.Build.0 = Release|Any CPU
		{B8DA01D3-3F28-1B22-9126-E6BCE29F3114}.Debug|Any CPU.ActiveCfg = Debug|Any CPU
		{B8DA01D3-3F28-1B22-9126-E6BCE29F3114}.Debug|Any CPU.Build.0 = Debug|Any CPU
		{B8DA01D3-3F28-1B22-9126-E6BCE29F3114}.Release|Any CPU.ActiveCfg = Release|Any CPU
		{B8DA01D3-3F28-1B22-9126-E6BCE29F3114}.Release|Any CPU.Build.0 = Release|Any CPU
		{23078130-FECC-8CC6-69F2-308EDDC87718}.Debug|Any CPU.ActiveCfg = Debug|Any CPU
		{23078130-FECC-8CC6-69F2-308EDDC87718}.Debug|Any CPU.Build.0 = Debug|Any CPU
		{23078130-FECC-8CC6-69F2-308EDDC87718}.Release|Any CPU.ActiveCfg = Release|Any CPU
		{23078130-FECC-8CC6-69F2-308EDDC87718}.Release|Any CPU.Build.0 = Release|Any CPU
		{74A70EF4-626E-BA2F-4DC4-E730B1DAAEC0}.Debug|Any CPU.ActiveCfg = Debug|Any CPU
		{74A70EF4-626E-BA2F-4DC4-E730B1DAAEC0}.Debug|Any CPU.Build.0 = Debug|Any CPU
		{74A70EF4-626E-BA2F-4DC4-E730B1DAAEC0}.Release|Any CPU.ActiveCfg = Release|Any CPU
		{74A70EF4-626E-BA2F-4DC4-E730B1DAAEC0}.Release|Any CPU.Build.0 = Release|Any CPU
		{6F48AB66-02C1-D2AB-7EC6-1C95439F8CF8}.Debug|Any CPU.ActiveCfg = Debug|Any CPU
		{6F48AB66-02C1-D2AB-7EC6-1C95439F8CF8}.Debug|Any CPU.Build.0 = Debug|Any CPU
		{6F48AB66-02C1-D2AB-7EC6-1C95439F8CF8}.Release|Any CPU.ActiveCfg = Release|Any CPU
		{6F48AB66-02C1-D2AB-7EC6-1C95439F8CF8}.Release|Any CPU.Build.0 = Release|Any CPU
		{6A380271-6D2A-0B46-EF11-5E0F1A52E1CE}.Debug|Any CPU.ActiveCfg = Debug|Any CPU
		{6A380271-6D2A-0B46-EF11-5E0F1A52E1CE}.Debug|Any CPU.Build.0 = Debug|Any CPU
		{6A380271-6D2A-0B46-EF11-5E0F1A52E1CE}.Release|Any CPU.ActiveCfg = Release|Any CPU
		{6A380271-6D2A-0B46-EF11-5E0F1A52E1CE}.Release|Any CPU.Build.0 = Release|Any CPU
		{F7461988-D962-A84B-E605-43220DA2846B}.Debug|Any CPU.ActiveCfg = Debug|Any CPU
		{F7461988-D962-A84B-E605-43220DA2846B}.Debug|Any CPU.Build.0 = Debug|Any CPU
		{F7461988-D962-A84B-E605-43220DA2846B}.Release|Any CPU.ActiveCfg = Release|Any CPU
		{F7461988-D962-A84B-E605-43220DA2846B}.Release|Any CPU.Build.0 = Release|Any CPU
		{ECB5DB1D-D523-DEB5-70ED-3E3DEF5964BE}.Debug|Any CPU.ActiveCfg = Debug|Any CPU
		{ECB5DB1D-D523-DEB5-70ED-3E3DEF5964BE}.Debug|Any CPU.Build.0 = Debug|Any CPU
		{ECB5DB1D-D523-DEB5-70ED-3E3DEF5964BE}.Release|Any CPU.ActiveCfg = Release|Any CPU
		{ECB5DB1D-D523-DEB5-70ED-3E3DEF5964BE}.Release|Any CPU.Build.0 = Release|Any CPU
		{769FA4CE-1930-EBB3-1C66-AB725BAC6494}.Debug|Any CPU.ActiveCfg = Debug|Any CPU
		{769FA4CE-1930-EBB3-1C66-AB725BAC6494}.Debug|Any CPU.Build.0 = Debug|Any CPU
		{769FA4CE-1930-EBB3-1C66-AB725BAC6494}.Release|Any CPU.ActiveCfg = Release|Any CPU
		{769FA4CE-1930-EBB3-1C66-AB725BAC6494}.Release|Any CPU.Build.0 = Release|Any CPU
		{A267F213-0C3F-C900-13EF-2A94A02EC42B}.Debug|Any CPU.ActiveCfg = Debug|Any CPU
		{A267F213-0C3F-C900-13EF-2A94A02EC42B}.Debug|Any CPU.Build.0 = Debug|Any CPU
		{A267F213-0C3F-C900-13EF-2A94A02EC42B}.Release|Any CPU.ActiveCfg = Release|Any CPU
		{A267F213-0C3F-C900-13EF-2A94A02EC42B}.Release|Any CPU.Build.0 = Release|Any CPU
		{427F73D7-F4CF-A11E-5A6B-0C88B6943E74}.Debug|Any CPU.ActiveCfg = Debug|Any CPU
		{427F73D7-F4CF-A11E-5A6B-0C88B6943E74}.Debug|Any CPU.Build.0 = Debug|Any CPU
		{427F73D7-F4CF-A11E-5A6B-0C88B6943E74}.Release|Any CPU.ActiveCfg = Release|Any CPU
		{427F73D7-F4CF-A11E-5A6B-0C88B6943E74}.Release|Any CPU.Build.0 = Release|Any CPU
		{5371EA71-62DE-8B88-EBD6-40A9DB92D996}.Debug|Any CPU.ActiveCfg = Debug|Any CPU
		{5371EA71-62DE-8B88-EBD6-40A9DB92D996}.Debug|Any CPU.Build.0 = Debug|Any CPU
		{5371EA71-62DE-8B88-EBD6-40A9DB92D996}.Release|Any CPU.ActiveCfg = Release|Any CPU
		{5371EA71-62DE-8B88-EBD6-40A9DB92D996}.Release|Any CPU.Build.0 = Release|Any CPU
		{B6F9E181-BB31-A4B8-4412-A7ED3E3CEE7D}.Debug|Any CPU.ActiveCfg = Debug|Any CPU
		{B6F9E181-BB31-A4B8-4412-A7ED3E3CEE7D}.Debug|Any CPU.Build.0 = Debug|Any CPU
		{B6F9E181-BB31-A4B8-4412-A7ED3E3CEE7D}.Release|Any CPU.ActiveCfg = Release|Any CPU
		{B6F9E181-BB31-A4B8-4412-A7ED3E3CEE7D}.Release|Any CPU.Build.0 = Release|Any CPU
		{E84DB301-DE68-BCB8-0FF8-4AD32BF99C29}.Debug|Any CPU.ActiveCfg = Debug|Any CPU
		{E84DB301-DE68-BCB8-0FF8-4AD32BF99C29}.Debug|Any CPU.Build.0 = Debug|Any CPU
		{E84DB301-DE68-BCB8-0FF8-4AD32BF99C29}.Release|Any CPU.ActiveCfg = Release|Any CPU
		{E84DB301-DE68-BCB8-0FF8-4AD32BF99C29}.Release|Any CPU.Build.0 = Release|Any CPU
		{69EBA945-CF92-C78A-8FE2-142AE46C56BE}.Debug|Any CPU.ActiveCfg = Debug|Any CPU
		{69EBA945-CF92-C78A-8FE2-142AE46C56BE}.Debug|Any CPU.Build.0 = Debug|Any CPU
		{69EBA945-CF92-C78A-8FE2-142AE46C56BE}.Release|Any CPU.ActiveCfg = Release|Any CPU
		{69EBA945-CF92-C78A-8FE2-142AE46C56BE}.Release|Any CPU.Build.0 = Release|Any CPU
		{15CDE9A1-6BED-3130-AEA1-B1D8FCB1C945}.Debug|Any CPU.ActiveCfg = Debug|Any CPU
		{15CDE9A1-6BED-3130-AEA1-B1D8FCB1C945}.Debug|Any CPU.Build.0 = Debug|Any CPU
		{15CDE9A1-6BED-3130-AEA1-B1D8FCB1C945}.Release|Any CPU.ActiveCfg = Release|Any CPU
		{15CDE9A1-6BED-3130-AEA1-B1D8FCB1C945}.Release|Any CPU.Build.0 = Release|Any CPU
		{DD767795-B8BF-E06A-464B-DFFD9B60ED7E}.Debug|Any CPU.ActiveCfg = Debug|Any CPU
		{DD767795-B8BF-E06A-464B-DFFD9B60ED7E}.Debug|Any CPU.Build.0 = Debug|Any CPU
		{DD767795-B8BF-E06A-464B-DFFD9B60ED7E}.Release|Any CPU.ActiveCfg = Release|Any CPU
		{DD767795-B8BF-E06A-464B-DFFD9B60ED7E}.Release|Any CPU.Build.0 = Release|Any CPU
		{EC8F8F17-C757-3AFF-608D-0CDFCD264964}.Debug|Any CPU.ActiveCfg = Debug|Any CPU
		{EC8F8F17-C757-3AFF-608D-0CDFCD264964}.Debug|Any CPU.Build.0 = Debug|Any CPU
		{EC8F8F17-C757-3AFF-608D-0CDFCD264964}.Release|Any CPU.ActiveCfg = Release|Any CPU
		{EC8F8F17-C757-3AFF-608D-0CDFCD264964}.Release|Any CPU.Build.0 = Release|Any CPU
		{7CD175B7-6F69-FBF9-F39C-3F86B842F190}.Debug|Any CPU.ActiveCfg = Debug|Any CPU
		{7CD175B7-6F69-FBF9-F39C-3F86B842F190}.Debug|Any CPU.Build.0 = Debug|Any CPU
		{7CD175B7-6F69-FBF9-F39C-3F86B842F190}.Release|Any CPU.ActiveCfg = Release|Any CPU
		{7CD175B7-6F69-FBF9-F39C-3F86B842F190}.Release|Any CPU.Build.0 = Release|Any CPU
		{1955B15A-2BAE-A876-755D-80F87406C883}.Debug|Any CPU.ActiveCfg = Debug|Any CPU
		{1955B15A-2BAE-A876-755D-80F87406C883}.Debug|Any CPU.Build.0 = Debug|Any CPU
		{1955B15A-2BAE-A876-755D-80F87406C883}.Release|Any CPU.ActiveCfg = Release|Any CPU
		{1955B15A-2BAE-A876-755D-80F87406C883}.Release|Any CPU.Build.0 = Release|Any CPU
		{5BB3A61B-6BE1-60BA-FB77-C1C1B774AF03}.Debug|Any CPU.ActiveCfg = Debug|Any CPU
		{5BB3A61B-6BE1-60BA-FB77-C1C1B774AF03}.Debug|Any CPU.Build.0 = Debug|Any CPU
		{5BB3A61B-6BE1-60BA-FB77-C1C1B774AF03}.Release|Any CPU.ActiveCfg = Release|Any CPU
		{5BB3A61B-6BE1-60BA-FB77-C1C1B774AF03}.Release|Any CPU.Build.0 = Release|Any CPU
		{92971E8D-26D2-AC96-86E2-638719C07F48}.Debug|Any CPU.ActiveCfg = Debug|Any CPU
		{92971E8D-26D2-AC96-86E2-638719C07F48}.Debug|Any CPU.Build.0 = Debug|Any CPU
		{92971E8D-26D2-AC96-86E2-638719C07F48}.Release|Any CPU.ActiveCfg = Release|Any CPU
		{92971E8D-26D2-AC96-86E2-638719C07F48}.Release|Any CPU.Build.0 = Release|Any CPU
		{396171BB-F2C4-B58F-E940-EBBC16E6BDC1}.Debug|Any CPU.ActiveCfg = Debug|Any CPU
		{396171BB-F2C4-B58F-E940-EBBC16E6BDC1}.Debug|Any CPU.Build.0 = Debug|Any CPU
		{396171BB-F2C4-B58F-E940-EBBC16E6BDC1}.Release|Any CPU.ActiveCfg = Release|Any CPU
		{396171BB-F2C4-B58F-E940-EBBC16E6BDC1}.Release|Any CPU.Build.0 = Release|Any CPU
		{42488D91-53F1-D823-20C7-40B7A527D30C}.Debug|Any CPU.ActiveCfg = Debug|Any CPU
		{42488D91-53F1-D823-20C7-40B7A527D30C}.Debug|Any CPU.Build.0 = Debug|Any CPU
		{42488D91-53F1-D823-20C7-40B7A527D30C}.Release|Any CPU.ActiveCfg = Release|Any CPU
		{42488D91-53F1-D823-20C7-40B7A527D30C}.Release|Any CPU.Build.0 = Release|Any CPU
		{6EBF58AA-78A6-D2A1-E540-5C96B1C42441}.Debug|Any CPU.ActiveCfg = Debug|Any CPU
		{6EBF58AA-78A6-D2A1-E540-5C96B1C42441}.Debug|Any CPU.Build.0 = Debug|Any CPU
		{6EBF58AA-78A6-D2A1-E540-5C96B1C42441}.Release|Any CPU.ActiveCfg = Release|Any CPU
		{6EBF58AA-78A6-D2A1-E540-5C96B1C42441}.Release|Any CPU.Build.0 = Release|Any CPU
		{64F21FBE-F07B-7D00-8C6F-C44525EA1FE3}.Debug|Any CPU.ActiveCfg = Debug|Any CPU
		{64F21FBE-F07B-7D00-8C6F-C44525EA1FE3}.Debug|Any CPU.Build.0 = Debug|Any CPU
		{64F21FBE-F07B-7D00-8C6F-C44525EA1FE3}.Release|Any CPU.ActiveCfg = Release|Any CPU
		{64F21FBE-F07B-7D00-8C6F-C44525EA1FE3}.Release|Any CPU.Build.0 = Release|Any CPU
		{73EBCE94-E49F-4411-7E63-339C79611DA3}.Debug|Any CPU.ActiveCfg = Debug|Any CPU
		{73EBCE94-E49F-4411-7E63-339C79611DA3}.Debug|Any CPU.Build.0 = Debug|Any CPU
		{73EBCE94-E49F-4411-7E63-339C79611DA3}.Release|Any CPU.ActiveCfg = Release|Any CPU
		{73EBCE94-E49F-4411-7E63-339C79611DA3}.Release|Any CPU.Build.0 = Release|Any CPU
		{C4FBD423-C512-C0C2-1E55-4E1D5D4E7BD5}.Debug|Any CPU.ActiveCfg = Debug|Any CPU
		{C4FBD423-C512-C0C2-1E55-4E1D5D4E7BD5}.Debug|Any CPU.Build.0 = Debug|Any CPU
		{C4FBD423-C512-C0C2-1E55-4E1D5D4E7BD5}.Release|Any CPU.ActiveCfg = Release|Any CPU
		{C4FBD423-C512-C0C2-1E55-4E1D5D4E7BD5}.Release|Any CPU.Build.0 = Release|Any CPU
		{352F489A-89B6-4CA9-AEC6-06453AB31930}.Debug|Any CPU.ActiveCfg = Debug|Any CPU
		{352F489A-89B6-4CA9-AEC6-06453AB31930}.Debug|Any CPU.Build.0 = Debug|Any CPU
		{352F489A-89B6-4CA9-AEC6-06453AB31930}.Release|Any CPU.ActiveCfg = Release|Any CPU
		{352F489A-89B6-4CA9-AEC6-06453AB31930}.Release|Any CPU.Build.0 = Release|Any CPU
		{207A323E-FD5A-5B25-F0CF-7A1D62CDF45E}.Debug|Any CPU.ActiveCfg = Debug|Any CPU
		{207A323E-FD5A-5B25-F0CF-7A1D62CDF45E}.Debug|Any CPU.Build.0 = Debug|Any CPU
		{207A323E-FD5A-5B25-F0CF-7A1D62CDF45E}.Release|Any CPU.ActiveCfg = Release|Any CPU
		{207A323E-FD5A-5B25-F0CF-7A1D62CDF45E}.Release|Any CPU.Build.0 = Release|Any CPU
		{332BA019-4BCF-3567-EDA2-F030CD289DF1}.Debug|Any CPU.ActiveCfg = Debug|Any CPU
		{332BA019-4BCF-3567-EDA2-F030CD289DF1}.Debug|Any CPU.Build.0 = Debug|Any CPU
		{332BA019-4BCF-3567-EDA2-F030CD289DF1}.Release|Any CPU.ActiveCfg = Release|Any CPU
		{332BA019-4BCF-3567-EDA2-F030CD289DF1}.Release|Any CPU.Build.0 = Release|Any CPU
		{29BF96C0-A02F-B169-2290-2E8A06267BE6}.Debug|Any CPU.ActiveCfg = Debug|Any CPU
		{29BF96C0-A02F-B169-2290-2E8A06267BE6}.Debug|Any CPU.Build.0 = Debug|Any CPU
		{29BF96C0-A02F-B169-2290-2E8A06267BE6}.Release|Any CPU.ActiveCfg = Release|Any CPU
		{29BF96C0-A02F-B169-2290-2E8A06267BE6}.Release|Any CPU.Build.0 = Release|Any CPU
		{2229DB62-2F19-601B-1CE0-5F2ED98F3586}.Debug|Any CPU.ActiveCfg = Debug|Any CPU
		{2229DB62-2F19-601B-1CE0-5F2ED98F3586}.Debug|Any CPU.Build.0 = Debug|Any CPU
		{2229DB62-2F19-601B-1CE0-5F2ED98F3586}.Release|Any CPU.ActiveCfg = Release|Any CPU
		{2229DB62-2F19-601B-1CE0-5F2ED98F3586}.Release|Any CPU.Build.0 = Release|Any CPU
		{D54AF48C-B580-B7D9-1FE9-B22C4E7CC17A}.Debug|Any CPU.ActiveCfg = Debug|Any CPU
		{D54AF48C-B580-B7D9-1FE9-B22C4E7CC17A}.Debug|Any CPU.Build.0 = Debug|Any CPU
		{D54AF48C-B580-B7D9-1FE9-B22C4E7CC17A}.Release|Any CPU.ActiveCfg = Release|Any CPU
		{D54AF48C-B580-B7D9-1FE9-B22C4E7CC17A}.Release|Any CPU.Build.0 = Release|Any CPU
		{9A6DB33E-C681-3333-E3B1-88C70C174042}.Debug|Any CPU.ActiveCfg = Debug|Any CPU
		{9A6DB33E-C681-3333-E3B1-88C70C174042}.Debug|Any CPU.Build.0 = Debug|Any CPU
		{9A6DB33E-C681-3333-E3B1-88C70C174042}.Release|Any CPU.ActiveCfg = Release|Any CPU
		{9A6DB33E-C681-3333-E3B1-88C70C174042}.Release|Any CPU.Build.0 = Release|Any CPU
		{4D35B480-D558-D490-BA89-D796CF6BF46F}.Debug|Any CPU.ActiveCfg = Debug|Any CPU
		{4D35B480-D558-D490-BA89-D796CF6BF46F}.Debug|Any CPU.Build.0 = Debug|Any CPU
		{4D35B480-D558-D490-BA89-D796CF6BF46F}.Release|Any CPU.ActiveCfg = Release|Any CPU
		{4D35B480-D558-D490-BA89-D796CF6BF46F}.Release|Any CPU.Build.0 = Release|Any CPU
		{C4E8CECF-6E2E-C16D-BD76-2F8C888F0327}.Debug|Any CPU.ActiveCfg = Debug|Any CPU
		{C4E8CECF-6E2E-C16D-BD76-2F8C888F0327}.Debug|Any CPU.Build.0 = Debug|Any CPU
		{C4E8CECF-6E2E-C16D-BD76-2F8C888F0327}.Release|Any CPU.ActiveCfg = Release|Any CPU
		{C4E8CECF-6E2E-C16D-BD76-2F8C888F0327}.Release|Any CPU.Build.0 = Release|Any CPU
		{6B305E86-DEE0-32C0-0F57-4BBACEB358EC}.Debug|Any CPU.ActiveCfg = Debug|Any CPU
		{6B305E86-DEE0-32C0-0F57-4BBACEB358EC}.Debug|Any CPU.Build.0 = Debug|Any CPU
		{6B305E86-DEE0-32C0-0F57-4BBACEB358EC}.Release|Any CPU.ActiveCfg = Release|Any CPU
		{6B305E86-DEE0-32C0-0F57-4BBACEB358EC}.Release|Any CPU.Build.0 = Release|Any CPU
		{3B43C4B4-96E2-D27C-7A56-3928C2A3BA47}.Debug|Any CPU.ActiveCfg = Debug|Any CPU
		{3B43C4B4-96E2-D27C-7A56-3928C2A3BA47}.Debug|Any CPU.Build.0 = Debug|Any CPU
		{3B43C4B4-96E2-D27C-7A56-3928C2A3BA47}.Release|Any CPU.ActiveCfg = Release|Any CPU
		{3B43C4B4-96E2-D27C-7A56-3928C2A3BA47}.Release|Any CPU.Build.0 = Release|Any CPU
		{81EFF050-3D15-FF93-2556-D51F0C0DF568}.Debug|Any CPU.ActiveCfg = Debug|Any CPU
		{81EFF050-3D15-FF93-2556-D51F0C0DF568}.Debug|Any CPU.Build.0 = Debug|Any CPU
		{81EFF050-3D15-FF93-2556-D51F0C0DF568}.Release|Any CPU.ActiveCfg = Release|Any CPU
		{81EFF050-3D15-FF93-2556-D51F0C0DF568}.Release|Any CPU.Build.0 = Release|Any CPU
		{A00E626C-733F-560D-2EFD-E369F420E126}.Debug|Any CPU.ActiveCfg = Debug|Any CPU
		{A00E626C-733F-560D-2EFD-E369F420E126}.Debug|Any CPU.Build.0 = Debug|Any CPU
		{A00E626C-733F-560D-2EFD-E369F420E126}.Release|Any CPU.ActiveCfg = Release|Any CPU
		{A00E626C-733F-560D-2EFD-E369F420E126}.Release|Any CPU.Build.0 = Release|Any CPU
		{6D71D2EB-197E-C23A-09F4-95557EFCBF1C}.Debug|Any CPU.ActiveCfg = Debug|Any CPU
		{6D71D2EB-197E-C23A-09F4-95557EFCBF1C}.Debug|Any CPU.Build.0 = Debug|Any CPU
		{6D71D2EB-197E-C23A-09F4-95557EFCBF1C}.Release|Any CPU.ActiveCfg = Release|Any CPU
		{6D71D2EB-197E-C23A-09F4-95557EFCBF1C}.Release|Any CPU.Build.0 = Release|Any CPU
		{139003B9-376A-B064-E936-60263DAA5EE9}.Debug|Any CPU.ActiveCfg = Debug|Any CPU
		{139003B9-376A-B064-E936-60263DAA5EE9}.Debug|Any CPU.Build.0 = Debug|Any CPU
		{139003B9-376A-B064-E936-60263DAA5EE9}.Release|Any CPU.ActiveCfg = Release|Any CPU
		{139003B9-376A-B064-E936-60263DAA5EE9}.Release|Any CPU.Build.0 = Release|Any CPU
		{7595C2FB-B58D-4966-F9F7-90E0CC14E65E}.Debug|Any CPU.ActiveCfg = Debug|Any CPU
		{7595C2FB-B58D-4966-F9F7-90E0CC14E65E}.Debug|Any CPU.Build.0 = Debug|Any CPU
		{7595C2FB-B58D-4966-F9F7-90E0CC14E65E}.Release|Any CPU.ActiveCfg = Release|Any CPU
		{7595C2FB-B58D-4966-F9F7-90E0CC14E65E}.Release|Any CPU.Build.0 = Release|Any CPU
		{5BA2A80B-2703-2E7C-7DBD-4183086418EC}.Debug|Any CPU.ActiveCfg = Debug|Any CPU
		{5BA2A80B-2703-2E7C-7DBD-4183086418EC}.Debug|Any CPU.Build.0 = Debug|Any CPU
		{5BA2A80B-2703-2E7C-7DBD-4183086418EC}.Release|Any CPU.ActiveCfg = Release|Any CPU
		{5BA2A80B-2703-2E7C-7DBD-4183086418EC}.Release|Any CPU.Build.0 = Release|Any CPU
		{2FCB39AD-917B-04DE-3443-3F3233DAF20E}.Debug|Any CPU.ActiveCfg = Debug|Any CPU
		{2FCB39AD-917B-04DE-3443-3F3233DAF20E}.Debug|Any CPU.Build.0 = Debug|Any CPU
		{2FCB39AD-917B-04DE-3443-3F3233DAF20E}.Release|Any CPU.ActiveCfg = Release|Any CPU
		{2FCB39AD-917B-04DE-3443-3F3233DAF20E}.Release|Any CPU.Build.0 = Release|Any CPU
		{081D91F8-8FA7-1966-E875-BFBF15C8F2C6}.Debug|Any CPU.ActiveCfg = Debug|Any CPU
		{081D91F8-8FA7-1966-E875-BFBF15C8F2C6}.Debug|Any CPU.Build.0 = Debug|Any CPU
		{081D91F8-8FA7-1966-E875-BFBF15C8F2C6}.Release|Any CPU.ActiveCfg = Release|Any CPU
		{081D91F8-8FA7-1966-E875-BFBF15C8F2C6}.Release|Any CPU.Build.0 = Release|Any CPU
		{7E665DFD-D19A-D0F5-F76B-7651E9B9114C}.Debug|Any CPU.ActiveCfg = Debug|Any CPU
		{7E665DFD-D19A-D0F5-F76B-7651E9B9114C}.Debug|Any CPU.Build.0 = Debug|Any CPU
		{7E665DFD-D19A-D0F5-F76B-7651E9B9114C}.Release|Any CPU.ActiveCfg = Release|Any CPU
		{7E665DFD-D19A-D0F5-F76B-7651E9B9114C}.Release|Any CPU.Build.0 = Release|Any CPU
	EndGlobalSection
	GlobalSection(SolutionProperties) = preSolution
		HideSolutionNode = FALSE
	EndGlobalSection
EndGlobal
